// !$*UTF8*$!
{
	archiveVersion = 1;
	classes = {
	};
	objectVersion = 56;
	objects = {

/* Begin PBXBuildFile section */
		4BC883512B0F62F100172109 /* UnitTestingApp.swift in Sources */ = {isa = PBXBuildFile; fileRef = 4BC883502B0F62F100172109 /* UnitTestingApp.swift */; };
		4BC883532B0F62F100172109 /* UnitTestingView.swift in Sources */ = {isa = PBXBuildFile; fileRef = 4BC883522B0F62F100172109 /* UnitTestingView.swift */; };
		4BC883552B0F62F500172109 /* Assets.xcassets in Resources */ = {isa = PBXBuildFile; fileRef = 4BC883542B0F62F500172109 /* Assets.xcassets */; };
		4BC883582B0F62F500172109 /* Preview Assets.xcassets in Resources */ = {isa = PBXBuildFile; fileRef = 4BC883572B0F62F500172109 /* Preview Assets.xcassets */; };
		4BC8835F2B0F632B00172109 /* UnitTestingViewModel.swift in Sources */ = {isa = PBXBuildFile; fileRef = 4BC8835E2B0F632B00172109 /* UnitTestingViewModel.swift */; };
		4BC883612B0F63E800172109 /* ContentView.swift in Sources */ = {isa = PBXBuildFile; fileRef = 4BC883602B0F63E800172109 /* ContentView.swift */; };
		4BC883692B0F64A900172109 /* UnitTestingTests.swift in Sources */ = {isa = PBXBuildFile; fileRef = 4BC883682B0F64A900172109 /* UnitTestingTests.swift */; };
		4BC883702B0F682B00172109 /* UnitTestingViewModel_Tests.swift in Sources */ = {isa = PBXBuildFile; fileRef = 4BC8836F2B0F682B00172109 /* UnitTestingViewModel_Tests.swift */; };
/* End PBXBuildFile section */

/* Begin PBXContainerItemProxy section */
		4BC8836A2B0F64A900172109 /* PBXContainerItemProxy */ = {
			isa = PBXContainerItemProxy;
			containerPortal = 4BC883452B0F62F100172109 /* Project object */;
			proxyType = 1;
			remoteGlobalIDString = 4BC8834C2B0F62F100172109;
			remoteInfo = UnitTesting;
		};
/* End PBXContainerItemProxy section */

/* Begin PBXFileReference section */
		4BC8834D2B0F62F100172109 /* UnitTesting.app */ = {isa = PBXFileReference; explicitFileType = wrapper.application; includeInIndex = 0; path = UnitTesting.app; sourceTree = BUILT_PRODUCTS_DIR; };
		4BC883502B0F62F100172109 /* UnitTestingApp.swift */ = {isa = PBXFileReference; lastKnownFileType = sourcecode.swift; path = UnitTestingApp.swift; sourceTree = "<group>"; };
		4BC883522B0F62F100172109 /* UnitTestingView.swift */ = {isa = PBXFileReference; lastKnownFileType = sourcecode.swift; path = UnitTestingView.swift; sourceTree = "<group>"; };
		4BC883542B0F62F500172109 /* Assets.xcassets */ = {isa = PBXFileReference; lastKnownFileType = folder.assetcatalog; path = Assets.xcassets; sourceTree = "<group>"; };
		4BC883572B0F62F500172109 /* Preview Assets.xcassets */ = {isa = PBXFileReference; lastKnownFileType = folder.assetcatalog; path = "Preview Assets.xcassets"; sourceTree = "<group>"; };
		4BC8835E2B0F632B00172109 /* UnitTestingViewModel.swift */ = {isa = PBXFileReference; lastKnownFileType = sourcecode.swift; path = UnitTestingViewModel.swift; sourceTree = "<group>"; };
		4BC883602B0F63E800172109 /* ContentView.swift */ = {isa = PBXFileReference; lastKnownFileType = sourcecode.swift; path = ContentView.swift; sourceTree = "<group>"; };
		4BC883662B0F64A900172109 /* UnitTestingTests.xctest */ = {isa = PBXFileReference; explicitFileType = wrapper.cfbundle; includeInIndex = 0; path = UnitTestingTests.xctest; sourceTree = BUILT_PRODUCTS_DIR; };
		4BC883682B0F64A900172109 /* UnitTestingTests.swift */ = {isa = PBXFileReference; lastKnownFileType = sourcecode.swift; path = UnitTestingTests.swift; sourceTree = "<group>"; };
		4BC8836F2B0F682B00172109 /* UnitTestingViewModel_Tests.swift */ = {isa = PBXFileReference; lastKnownFileType = sourcecode.swift; path = UnitTestingViewModel_Tests.swift; sourceTree = "<group>"; };
/* End PBXFileReference section */

/* Begin PBXFrameworksBuildPhase section */
		4BC8834A2B0F62F100172109 /* Frameworks */ = {
			isa = PBXFrameworksBuildPhase;
			buildActionMask = 2147483647;
			files = (
			);
			runOnlyForDeploymentPostprocessing = 0;
		};
		4BC883632B0F64A900172109 /* Frameworks */ = {
			isa = PBXFrameworksBuildPhase;
			buildActionMask = 2147483647;
			files = (
			);
			runOnlyForDeploymentPostprocessing = 0;
		};
/* End PBXFrameworksBuildPhase section */

/* Begin PBXGroup section */
		4BC883442B0F62F100172109 = {
			isa = PBXGroup;
			children = (
				4BC8834F2B0F62F100172109 /* UnitTesting */,
				4BC883672B0F64A900172109 /* UnitTestingTests */,
				4BC8834E2B0F62F100172109 /* Products */,
			);
			sourceTree = "<group>";
		};
		4BC8834E2B0F62F100172109 /* Products */ = {
			isa = PBXGroup;
			children = (
				4BC8834D2B0F62F100172109 /* UnitTesting.app */,
				4BC883662B0F64A900172109 /* UnitTestingTests.xctest */,
			);
			name = Products;
			sourceTree = "<group>";
		};
		4BC8834F2B0F62F100172109 /* UnitTesting */ = {
			isa = PBXGroup;
			children = (
				4BC883502B0F62F100172109 /* UnitTestingApp.swift */,
				4BC883602B0F63E800172109 /* ContentView.swift */,
				4BC883522B0F62F100172109 /* UnitTestingView.swift */,
				4BC8835E2B0F632B00172109 /* UnitTestingViewModel.swift */,
				4BC883542B0F62F500172109 /* Assets.xcassets */,
				4BC883562B0F62F500172109 /* Preview Content */,
			);
			path = UnitTesting;
			sourceTree = "<group>";
		};
		4BC883562B0F62F500172109 /* Preview Content */ = {
			isa = PBXGroup;
			children = (
				4BC883572B0F62F500172109 /* Preview Assets.xcassets */,
			);
			path = "Preview Content";
			sourceTree = "<group>";
		};
		4BC883672B0F64A900172109 /* UnitTestingTests */ = {
			isa = PBXGroup;
			children = (
				4BC883682B0F64A900172109 /* UnitTestingTests.swift */,
				4BC8836F2B0F682B00172109 /* UnitTestingViewModel_Tests.swift */,
			);
			path = UnitTestingTests;
			sourceTree = "<group>";
		};
/* End PBXGroup section */

/* Begin PBXNativeTarget section */
		4BC8834C2B0F62F100172109 /* UnitTesting */ = {
			isa = PBXNativeTarget;
			buildConfigurationList = 4BC8835B2B0F62F500172109 /* Build configuration list for PBXNativeTarget "UnitTesting" */;
			buildPhases = (
				4BC883492B0F62F100172109 /* Sources */,
				4BC8834A2B0F62F100172109 /* Frameworks */,
				4BC8834B2B0F62F100172109 /* Resources */,
			);
			buildRules = (
			);
			dependencies = (
			);
			name = UnitTesting;
			productName = UnitTesting;
			productReference = 4BC8834D2B0F62F100172109 /* UnitTesting.app */;
			productType = "com.apple.product-type.application";
		};
		4BC883652B0F64A900172109 /* UnitTestingTests */ = {
			isa = PBXNativeTarget;
			buildConfigurationList = 4BC8836C2B0F64A900172109 /* Build configuration list for PBXNativeTarget "UnitTestingTests" */;
			buildPhases = (
				4BC883622B0F64A900172109 /* Sources */,
				4BC883632B0F64A900172109 /* Frameworks */,
				4BC883642B0F64A900172109 /* Resources */,
			);
			buildRules = (
			);
			dependencies = (
				4BC8836B2B0F64A900172109 /* PBXTargetDependency */,
			);
			name = UnitTestingTests;
			productName = UnitTestingTests;
			productReference = 4BC883662B0F64A900172109 /* UnitTestingTests.xctest */;
			productType = "com.apple.product-type.bundle.unit-test";
		};
/* End PBXNativeTarget section */

/* Begin PBXProject section */
		4BC883452B0F62F100172109 /* Project object */ = {
			isa = PBXProject;
			attributes = {
				BuildIndependentTargetsInParallel = 1;
				LastSwiftUpdateCheck = 1430;
				LastUpgradeCheck = 1430;
				TargetAttributes = {
					4BC8834C2B0F62F100172109 = {
						CreatedOnToolsVersion = 14.3.1;
					};
					4BC883652B0F64A900172109 = {
						CreatedOnToolsVersion = 14.3.1;
						TestTargetID = 4BC8834C2B0F62F100172109;
					};
				};
			};
			buildConfigurationList = 4BC883482B0F62F100172109 /* Build configuration list for PBXProject "UnitTesting" */;
			compatibilityVersion = "Xcode 14.0";
			developmentRegion = en;
			hasScannedForEncodings = 0;
			knownRegions = (
				en,
				Base,
			);
			mainGroup = 4BC883442B0F62F100172109;
			productRefGroup = 4BC8834E2B0F62F100172109 /* Products */;
			projectDirPath = "";
			projectRoot = "";
			targets = (
				4BC8834C2B0F62F100172109 /* UnitTesting */,
				4BC883652B0F64A900172109 /* UnitTestingTests */,
			);
		};
/* End PBXProject section */

/* Begin PBXResourcesBuildPhase section */
		4BC8834B2B0F62F100172109 /* Resources */ = {
			isa = PBXResourcesBuildPhase;
			buildActionMask = 2147483647;
			files = (
				4BC883582B0F62F500172109 /* Preview Assets.xcassets in Resources */,
				4BC883552B0F62F500172109 /* Assets.xcassets in Resources */,
			);
			runOnlyForDeploymentPostprocessing = 0;
		};
		4BC883642B0F64A900172109 /* Resources */ = {
			isa = PBXResourcesBuildPhase;
			buildActionMask = 2147483647;
			files = (
			);
			runOnlyForDeploymentPostprocessing = 0;
		};
/* End PBXResourcesBuildPhase section */

/* Begin PBXSourcesBuildPhase section */
		4BC883492B0F62F100172109 /* Sources */ = {
			isa = PBXSourcesBuildPhase;
			buildActionMask = 2147483647;
			files = (
				4BC8835F2B0F632B00172109 /* UnitTestingViewModel.swift in Sources */,
				4BC883532B0F62F100172109 /* UnitTestingView.swift in Sources */,
				4BC883612B0F63E800172109 /* ContentView.swift in Sources */,
				4BC883512B0F62F100172109 /* UnitTestingApp.swift in Sources */,
			);
			runOnlyForDeploymentPostprocessing = 0;
		};
		4BC883622B0F64A900172109 /* Sources */ = {
			isa = PBXSourcesBuildPhase;
			buildActionMask = 2147483647;
			files = (
				4BC883702B0F682B00172109 /* UnitTestingViewModel_Tests.swift in Sources */,
				4BC883692B0F64A900172109 /* UnitTestingTests.swift in Sources */,
			);
			runOnlyForDeploymentPostprocessing = 0;
		};
/* End PBXSourcesBuildPhase section */

/* Begin PBXTargetDependency section */
		4BC8836B2B0F64A900172109 /* PBXTargetDependency */ = {
			isa = PBXTargetDependency;
			target = 4BC8834C2B0F62F100172109 /* UnitTesting */;
			targetProxy = 4BC8836A2B0F64A900172109 /* PBXContainerItemProxy */;
		};
/* End PBXTargetDependency section */

/* Begin XCBuildConfiguration section */
		4BC883592B0F62F500172109 /* Debug */ = {
			isa = XCBuildConfiguration;
			buildSettings = {
				ALWAYS_SEARCH_USER_PATHS = NO;
				CLANG_ANALYZER_NONNULL = YES;
				CLANG_ANALYZER_NUMBER_OBJECT_CONVERSION = YES_AGGRESSIVE;
				CLANG_CXX_LANGUAGE_STANDARD = "gnu++20";
				CLANG_ENABLE_MODULES = YES;
				CLANG_ENABLE_OBJC_ARC = YES;
				CLANG_ENABLE_OBJC_WEAK = YES;
				CLANG_WARN_BLOCK_CAPTURE_AUTORELEASING = YES;
				CLANG_WARN_BOOL_CONVERSION = YES;
				CLANG_WARN_COMMA = YES;
				CLANG_WARN_CONSTANT_CONVERSION = YES;
				CLANG_WARN_DEPRECATED_OBJC_IMPLEMENTATIONS = YES;
				CLANG_WARN_DIRECT_OBJC_ISA_USAGE = YES_ERROR;
				CLANG_WARN_DOCUMENTATION_COMMENTS = YES;
				CLANG_WARN_EMPTY_BODY = YES;
				CLANG_WARN_ENUM_CONVERSION = YES;
				CLANG_WARN_INFINITE_RECURSION = YES;
				CLANG_WARN_INT_CONVERSION = YES;
				CLANG_WARN_NON_LITERAL_NULL_CONVERSION = YES;
				CLANG_WARN_OBJC_IMPLICIT_RETAIN_SELF = YES;
				CLANG_WARN_OBJC_LITERAL_CONVERSION = YES;
				CLANG_WARN_OBJC_ROOT_CLASS = YES_ERROR;
				CLANG_WARN_QUOTED_INCLUDE_IN_FRAMEWORK_HEADER = YES;
				CLANG_WARN_RANGE_LOOP_ANALYSIS = YES;
				CLANG_WARN_STRICT_PROTOTYPES = YES;
				CLANG_WARN_SUSPICIOUS_MOVE = YES;
				CLANG_WARN_UNGUARDED_AVAILABILITY = YES_AGGRESSIVE;
				CLANG_WARN_UNREACHABLE_CODE = YES;
				CLANG_WARN__DUPLICATE_METHOD_MATCH = YES;
				COPY_PHASE_STRIP = NO;
				DEBUG_INFORMATION_FORMAT = dwarf;
				ENABLE_STRICT_OBJC_MSGSEND = YES;
				ENABLE_TESTABILITY = YES;
				GCC_C_LANGUAGE_STANDARD = gnu11;
				GCC_DYNAMIC_NO_PIC = NO;
				GCC_NO_COMMON_BLOCKS = YES;
				GCC_OPTIMIZATION_LEVEL = 0;
				GCC_PREPROCESSOR_DEFINITIONS = (
					"DEBUG=1",
					"$(inherited)",
				);
				GCC_WARN_64_TO_32_BIT_CONVERSION = YES;
				GCC_WARN_ABOUT_RETURN_TYPE = YES_ERROR;
				GCC_WARN_UNDECLARED_SELECTOR = YES;
				GCC_WARN_UNINITIALIZED_AUTOS = YES_AGGRESSIVE;
				GCC_WARN_UNUSED_FUNCTION = YES;
				GCC_WARN_UNUSED_VARIABLE = YES;
				IPHONEOS_DEPLOYMENT_TARGET = 16.4;
				MTL_ENABLE_DEBUG_INFO = INCLUDE_SOURCE;
				MTL_FAST_MATH = YES;
				ONLY_ACTIVE_ARCH = YES;
				SDKROOT = iphoneos;
				SWIFT_ACTIVE_COMPILATION_CONDITIONS = DEBUG;
				SWIFT_OPTIMIZATION_LEVEL = "-Onone";
			};
			name = Debug;
		};
		4BC8835A2B0F62F500172109 /* Release */ = {
			isa = XCBuildConfiguration;
			buildSettings = {
				ALWAYS_SEARCH_USER_PATHS = NO;
				CLANG_ANALYZER_NONNULL = YES;
				CLANG_ANALYZER_NUMBER_OBJECT_CONVERSION = YES_AGGRESSIVE;
				CLANG_CXX_LANGUAGE_STANDARD = "gnu++20";
				CLANG_ENABLE_MODULES = YES;
				CLANG_ENABLE_OBJC_ARC = YES;
				CLANG_ENABLE_OBJC_WEAK = YES;
				CLANG_WARN_BLOCK_CAPTURE_AUTORELEASING = YES;
				CLANG_WARN_BOOL_CONVERSION = YES;
				CLANG_WARN_COMMA = YES;
				CLANG_WARN_CONSTANT_CONVERSION = YES;
				CLANG_WARN_DEPRECATED_OBJC_IMPLEMENTATIONS = YES;
				CLANG_WARN_DIRECT_OBJC_ISA_USAGE = YES_ERROR;
				CLANG_WARN_DOCUMENTATION_COMMENTS = YES;
				CLANG_WARN_EMPTY_BODY = YES;
				CLANG_WARN_ENUM_CONVERSION = YES;
				CLANG_WARN_INFINITE_RECURSION = YES;
				CLANG_WARN_INT_CONVERSION = YES;
				CLANG_WARN_NON_LITERAL_NULL_CONVERSION = YES;
				CLANG_WARN_OBJC_IMPLICIT_RETAIN_SELF = YES;
				CLANG_WARN_OBJC_LITERAL_CONVERSION = YES;
				CLANG_WARN_OBJC_ROOT_CLASS = YES_ERROR;
				CLANG_WARN_QUOTED_INCLUDE_IN_FRAMEWORK_HEADER = YES;
				CLANG_WARN_RANGE_LOOP_ANALYSIS = YES;
				CLANG_WARN_STRICT_PROTOTYPES = YES;
				CLANG_WARN_SUSPICIOUS_MOVE = YES;
				CLANG_WARN_UNGUARDED_AVAILABILITY = YES_AGGRESSIVE;
				CLANG_WARN_UNREACHABLE_CODE = YES;
				CLANG_WARN__DUPLICATE_METHOD_MATCH = YES;
				COPY_PHASE_STRIP = NO;
				DEBUG_INFORMATION_FORMAT = "dwarf-with-dsym";
				ENABLE_NS_ASSERTIONS = NO;
				ENABLE_STRICT_OBJC_MSGSEND = YES;
				GCC_C_LANGUAGE_STANDARD = gnu11;
				GCC_NO_COMMON_BLOCKS = YES;
				GCC_WARN_64_TO_32_BIT_CONVERSION = YES;
				GCC_WARN_ABOUT_RETURN_TYPE = YES_ERROR;
				GCC_WARN_UNDECLARED_SELECTOR = YES;
				GCC_WARN_UNINITIALIZED_AUTOS = YES_AGGRESSIVE;
				GCC_WARN_UNUSED_FUNCTION = YES;
				GCC_WARN_UNUSED_VARIABLE = YES;
				IPHONEOS_DEPLOYMENT_TARGET = 16.4;
				MTL_ENABLE_DEBUG_INFO = NO;
				MTL_FAST_MATH = YES;
				SDKROOT = iphoneos;
				SWIFT_COMPILATION_MODE = wholemodule;
				SWIFT_OPTIMIZATION_LEVEL = "-O";
				VALIDATE_PRODUCT = YES;
			};
			name = Release;
		};
		4BC8835C2B0F62F500172109 /* Debug */ = {
			isa = XCBuildConfiguration;
			buildSettings = {
				ASSETCATALOG_COMPILER_APPICON_NAME = AppIcon;
				ASSETCATALOG_COMPILER_GLOBAL_ACCENT_COLOR_NAME = AccentColor;
				CODE_SIGN_STYLE = Automatic;
				CURRENT_PROJECT_VERSION = 1;
				DEVELOPMENT_ASSET_PATHS = "\"UnitTesting/Preview Content\"";
				DEVELOPMENT_TEAM = JWYC5RANS6;
				ENABLE_PREVIEWS = YES;
				GENERATE_INFOPLIST_FILE = YES;
				INFOPLIST_KEY_UIApplicationSceneManifest_Generation = YES;
				INFOPLIST_KEY_UIApplicationSupportsIndirectInputEvents = YES;
				INFOPLIST_KEY_UILaunchScreen_Generation = YES;
				INFOPLIST_KEY_UISupportedInterfaceOrientations_iPad = "UIInterfaceOrientationPortrait UIInterfaceOrientationPortraitUpsideDown UIInterfaceOrientationLandscapeLeft UIInterfaceOrientationLandscapeRight";
				INFOPLIST_KEY_UISupportedInterfaceOrientations_iPhone = "UIInterfaceOrientationPortrait UIInterfaceOrientationLandscapeLeft UIInterfaceOrientationLandscapeRight";
				LD_RUNPATH_SEARCH_PATHS = (
					"$(inherited)",
					"@executable_path/Frameworks",
				);
				MARKETING_VERSION = 1.0;
				PRODUCT_BUNDLE_IDENTIFIER = com.kuldarya.UnitTesting;
				PRODUCT_NAME = "$(TARGET_NAME)";
				SWIFT_EMIT_LOC_STRINGS = YES;
				SWIFT_VERSION = 5.0;
				TARGETED_DEVICE_FAMILY = "1,2";
			};
			name = Debug;
		};
		4BC8835D2B0F62F500172109 /* Release */ = {
			isa = XCBuildConfiguration;
			buildSettings = {
				ASSETCATALOG_COMPILER_APPICON_NAME = AppIcon;
				ASSETCATALOG_COMPILER_GLOBAL_ACCENT_COLOR_NAME = AccentColor;
				CODE_SIGN_STYLE = Automatic;
				CURRENT_PROJECT_VERSION = 1;
				DEVELOPMENT_ASSET_PATHS = "\"UnitTesting/Preview Content\"";
				DEVELOPMENT_TEAM = JWYC5RANS6;
				ENABLE_PREVIEWS = YES;
				GENERATE_INFOPLIST_FILE = YES;
				INFOPLIST_KEY_UIApplicationSceneManifest_Generation = YES;
				INFOPLIST_KEY_UIApplicationSupportsIndirectInputEvents = YES;
				INFOPLIST_KEY_UILaunchScreen_Generation = YES;
				INFOPLIST_KEY_UISupportedInterfaceOrientations_iPad = "UIInterfaceOrientationPortrait UIInterfaceOrientationPortraitUpsideDown UIInterfaceOrientationLandscapeLeft UIInterfaceOrientationLandscapeRight";
				INFOPLIST_KEY_UISupportedInterfaceOrientations_iPhone = "UIInterfaceOrientationPortrait UIInterfaceOrientationLandscapeLeft UIInterfaceOrientationLandscapeRight";
				LD_RUNPATH_SEARCH_PATHS = (
					"$(inherited)",
					"@executable_path/Frameworks",
				);
				MARKETING_VERSION = 1.0;
				PRODUCT_BUNDLE_IDENTIFIER = com.kuldarya.UnitTesting;
				PRODUCT_NAME = "$(TARGET_NAME)";
				SWIFT_EMIT_LOC_STRINGS = YES;
				SWIFT_VERSION = 5.0;
				TARGETED_DEVICE_FAMILY = "1,2";
			};
			name = Release;
		};
		4BC8836D2B0F64A900172109 /* Debug */ = {
			isa = XCBuildConfiguration;
			buildSettings = {
				BUNDLE_LOADER = "$(TEST_HOST)";
				CODE_SIGN_STYLE = Automatic;
				CURRENT_PROJECT_VERSION = 1;
				DEVELOPMENT_TEAM = JWYC5RANS6;
				GENERATE_INFOPLIST_FILE = YES;
				MARKETING_VERSION = 1.0;
				PRODUCT_BUNDLE_IDENTIFIER = com.kuldarya.UnitTestingTests;
				PRODUCT_NAME = "$(TARGET_NAME)";
				SWIFT_EMIT_LOC_STRINGS = NO;
				SWIFT_VERSION = 5.0;
				TARGETED_DEVICE_FAMILY = "1,2";
				TEST_HOST = "$(BUILT_PRODUCTS_DIR)/UnitTesting.app/$(BUNDLE_EXECUTABLE_FOLDER_PATH)/UnitTesting";
			};
			name = Debug;
		};
		4BC8836E2B0F64A900172109 /* Release */ = {
			isa = XCBuildConfiguration;
			buildSettings = {
				BUNDLE_LOADER = "$(TEST_HOST)";
				CODE_SIGN_STYLE = Automatic;
				CURRENT_PROJECT_VERSION = 1;
				DEVELOPMENT_TEAM = JWYC5RANS6;
				GENERATE_INFOPLIST_FILE = YES;
				MARKETING_VERSION = 1.0;
				PRODUCT_BUNDLE_IDENTIFIER = com.kuldarya.UnitTestingTests;
				PRODUCT_NAME = "$(TARGET_NAME)";
				SWIFT_EMIT_LOC_STRINGS = NO;
				SWIFT_VERSION = 5.0;
				TARGETED_DEVICE_FAMILY = "1,2";
				TEST_HOST = "$(BUILT_PRODUCTS_DIR)/UnitTesting.app/$(BUNDLE_EXECUTABLE_FOLDER_PATH)/UnitTesting";
			};
			name = Release;
		};
/* End XCBuildConfiguration section */

/* Begin XCConfigurationList section */
		4BC883482B0F62F100172109 /* Build configuration list for PBXProject "UnitTesting" */ = {
			isa = XCConfigurationList;
			buildConfigurations = (
				4BC883592B0F62F500172109 /* Debug */,
				4BC8835A2B0F62F500172109 /* Release */,
			);
			defaultConfigurationIsVisible = 0;
			defaultConfigurationName = Release;
		};
		4BC8835B2B0F62F500172109 /* Build configuration list for PBXNativeTarget "UnitTesting" */ = {
			isa = XCConfigurationList;
			buildConfigurations = (
				4BC8835C2B0F62F500172109 /* Debug */,
				4BC8835D2B0F62F500172109 /* Release */,
			);
			defaultConfigurationIsVisible = 0;
			defaultConfigurationName = Release;
		};
		4BC8836C2B0F64A900172109 /* Build configuration list for PBXNativeTarget "UnitTestingTests" */ = {
			isa = XCConfigurationList;
			buildConfigurations = (
				4BC8836D2B0F64A900172109 /* Debug */,
				4BC8836E2B0F64A900172109 /* Release */,
			);
			defaultConfigurationIsVisible = 0;
			defaultConfigurationName = Release;
		};
/* End XCConfigurationList section */
	};
	rootObject = 4BC883452B0F62F100172109 /* Project object */;
}
